
Microsoft Visual Studio Solution File, Format Version 12.00
# Visual Studio 15
VisualStudioVersion = 15.0.26228.9
MinimumVisualStudioVersion = 10.0.40219.1
Project("{2150E333-8FDC-42A3-9474-1A3956D46DE8}") = "Web", "Web", "{5D9E03BC-C6E7-4643-BA64-F912CDF65D0A}"
EndProject
Project("{9A19103F-16F7-4668-BE54-9A1E7A4F7556}") = "Peacock.ManageWeb", "Peacock.ManageWeb\Peacock.ManageWeb.csproj", "{D84FF37B-2D12-4710-83EB-F4FD18772EC8}"
EndProject
Project("{2150E333-8FDC-42A3-9474-1A3956D46DE8}") = "Infrastructure", "Infrastructure", "{1FEFE56D-FABA-4D90-9057-619A7006F64E}"
EndProject
Project("{FAE04EC0-301F-11D3-BF4B-00C04F79EFBC}") = "Peacock.Dal", "Peacock.Dal\Peacock.Dal.csproj", "{5C040DE2-95CE-4BE7-8E2E-7DFA0536EA8A}"
EndProject
Project("{2150E333-8FDC-42A3-9474-1A3956D46DE8}") = "BusinessLogic", "BusinessLogic", "{657511B0-072B-4455-922A-C16DB1C6683A}"
EndProject
Project("{2150E333-8FDC-42A3-9474-1A3956D46DE8}") = "Model", "Model", "{CF1956D3-D451-460D-99E5-901DD3F81AB4}"
EndProject
Project("{FAE04EC0-301F-11D3-BF4B-00C04F79EFBC}") = "Peacock.ViewModel", "Peacock.ViewModel\Peacock.ViewModel.csproj", "{28665B83-21E0-45E8-A652-C23687B31D85}"
EndProject
Project("{FAE04EC0-301F-11D3-BF4B-00C04F79EFBC}") = "Peacock.BusinessLogic", "Peacock.BusinessLogic\Peacock.BusinessLogic.csproj", "{3FE3BDE0-BC58-4FA2-AC4A-A1E28CA64950}"
EndProject
Global
	GlobalSection(SolutionConfigurationPlatforms) = preSolution
		Debug|Any CPU = Debug|Any CPU
		Release|Any CPU = Release|Any CPU
	EndGlobalSection
	GlobalSection(ProjectConfigurationPlatforms) = postSolution
		{D84FF37B-2D12-4710-83EB-F4FD18772EC8}.Debug|Any CPU.ActiveCfg = Debug|Any CPU
		{D84FF37B-2D12-4710-83EB-F4FD18772EC8}.Debug|Any CPU.Build.0 = Debug|Any CPU
		{D84FF37B-2D12-4710-83EB-F4FD18772EC8}.Release|Any CPU.ActiveCfg = Release|Any CPU
		{D84FF37B-2D12-4710-83EB-F4FD18772EC8}.Release|Any CPU.Build.0 = Release|Any CPU
		{5C040DE2-95CE-4BE7-8E2E-7DFA0536EA8A}.Debug|Any CPU.ActiveCfg = Debug|Any CPU
		{5C040DE2-95CE-4BE7-8E2E-7DFA0536EA8A}.Debug|Any CPU.Build.0 = Debug|Any CPU
		{5C040DE2-95CE-4BE7-8E2E-7DFA0536EA8A}.Release|Any CPU.ActiveCfg = Release|Any CPU
		{5C040DE2-95CE-4BE7-8E2E-7DFA0536EA8A}.Release|Any CPU.Build.0 = Release|Any CPU
		{28665B83-21E0-45E8-A652-C23687B31D85}.Debug|Any CPU.ActiveCfg = Debug|Any CPU
		{28665B83-21E0-45E8-A652-C23687B31D85}.Debug|Any CPU.Build.0 = Debug|Any CPU
		{28665B83-21E0-45E8-A652-C23687B31D85}.Release|Any CPU.ActiveCfg = Release|Any CPU
		{28665B83-21E0-45E8-A652-C23687B31D85}.Release|Any CPU.Build.0 = Release|Any CPU
		{3FE3BDE0-BC58-4FA2-AC4A-A1E28CA64950}.Debug|Any CPU.ActiveCfg = Debug|Any CPU
		{3FE3BDE0-BC58-4FA2-AC4A-A1E28CA64950}.Debug|Any CPU.Build.0 = Debug|Any CPU
		{3FE3BDE0-BC58-4FA2-AC4A-A1E28CA64950}.Release|Any CPU.ActiveCfg = Release|Any CPU
		{3FE3BDE0-BC58-4FA2-AC4A-A1E28CA64950}.Release|Any CPU.Build.0 = Release|Any CPU
	EndGlobalSection
	GlobalSection(SolutionProperties) = preSolution
		HideSolutionNode = FALSE
	EndGlobalSection
	GlobalSection(NestedProjects) = preSolution
		{D84FF37B-2D12-4710-83EB-F4FD18772EC8} = {5D9E03BC-C6E7-4643-BA64-F912CDF65D0A}
		{5C040DE2-95CE-4BE7-8E2E-7DFA0536EA8A} = {1FEFE56D-FABA-4D90-9057-619A7006F64E}
		{28665B83-21E0-45E8-A652-C23687B31D85} = {CF1956D3-D451-460D-99E5-901DD3F81AB4}
		{3FE3BDE0-BC58-4FA2-AC4A-A1E28CA64950} = {657511B0-072B-4455-922A-C16DB1C6683A}
	EndGlobalSection
	GlobalSection(ExtensibilityGlobals) = postSolution
		SolutionGuid = {07E978F1-7C3D-4DF2-857B-F0CF7C67BB65}
	EndGlobalSection
EndGlobal
